
Microsoft Visual Studio Solution File, Format Version 12.00
# Visual Studio Version 17
VisualStudioVersion = 17.8.34322.80
MinimumVisualStudioVersion = 10.0.40219.1
Project("{9A19103F-16F7-4668-BE54-9A1E7A4F7556}") = "Geometry", "Geometry\Geometry.csproj", "{0C0F5886-CCD2-4689-BA79-7B05FE62EC2F}"
EndProject
Project("{FAE04EC0-301F-11D3-BF4B-00C04F79EFBC}") = "CalcApp", "CalcApp\CalcApp.csproj", "{32A1A7B4-912E-4445-8A35-4B61DAB46539}"
EndProject
Global
	GlobalSection(SolutionConfigurationPlatforms) = preSolution
		Debug|Any CPU = Debug|Any CPU
		Release|Any CPU = Release|Any CPU
	EndGlobalSection
	GlobalSection(ProjectConfigurationPlatforms) = postSolution
		{0C0F5886-CCD2-4689-BA79-7B05FE62EC2F}.Debug|Any CPU.ActiveCfg = Debug|Any CPU
		{0C0F5886-CCD2-4689-BA79-7B05FE62EC2F}.Debug|Any CPU.Build.0 = Debug|Any CPU
		{0C0F5886-CCD2-4689-BA79-7B05FE62EC2F}.Release|Any CPU.ActiveCfg = Release|Any CPU
		{0C0F5886-CCD2-4689-BA79-7B05FE62EC2F}.Release|Any CPU.Build.0 = Release|Any CPU
		{32A1A7B4-912E-4445-8A35-4B61DAB46539}.Debug|Any CPU.ActiveCfg = Debug|Any CPU
		{32A1A7B4-912E-4445-8A35-4B61DAB46539}.Debug|Any CPU.Build.0 = Debug|Any CPU
		{32A1A7B4-912E-4445-8A35-4B61DAB46539}.Release|Any CPU.ActiveCfg = Release|Any CPU
		{32A1A7B4-912E-4445-8A35-4B61DAB46539}.Release|Any CPU.Build.0 = Release|Any CPU
	EndGlobalSection
	GlobalSection(SolutionProperties) = preSolution
		HideSolutionNode = FALSE
	EndGlobalSection
	GlobalSection(ExtensibilityGlobals) = postSolution
		SolutionGuid = {AD60BB69-7BB5-45E4-81AF-FD83E5675E0B}
	EndGlobalSection
EndGlobal
